
Microsoft Visual Studio Solution File, Format Version 12.00
# Visual Studio 15
Project("{FAE04EC0-301F-11D3-BF4B-00C04F79EFBC}") = "Assembly-CSharp-Editor", "Assembly-CSharp-Editor.csproj", "{961BC1B2-05AB-A497-D645-E09CFB293BAA}"
EndProject
Project("{FAE04EC0-301F-11D3-BF4B-00C04F79EFBC}") = "Assembly-CSharp", "Assembly-CSharp.csproj", "{F79FF1A2-A8D0-45C5-A3B8-8382280C948E}"
EndProject
Global
	GlobalSection(SolutionConfigurationPlatforms) = preSolution
		Debug|Any CPU = Debug|Any CPU
		Release|Any CPU = Release|Any CPU
	EndGlobalSection
	GlobalSection(ProjectConfigurationPlatforms) = postSolution
		{961BC1B2-05AB-A497-D645-E09CFB293BAA}.Debug|Any CPU.ActiveCfg = Debug|Any CPU
		{961BC1B2-05AB-A497-D645-E09CFB293BAA}.Debug|Any CPU.Build.0 = Debug|Any CPU
		{961BC1B2-05AB-A497-D645-E09CFB293BAA}.Release|Any CPU.ActiveCfg = Release|Any CPU
		{961BC1B2-05AB-A497-D645-E09CFB293BAA}.Release|Any CPU.Build.0 = Release|Any CPU
		{F79FF1A2-A8D0-45C5-A3B8-8382280C948E}.Debug|Any CPU.ActiveCfg = Debug|Any CPU
		{F79FF1A2-A8D0-45C5-A3B8-8382280C948E}.Debug|Any CPU.Build.0 = Debug|Any CPU
		{F79FF1A2-A8D0-45C5-A3B8-8382280C948E}.Release|Any CPU.ActiveCfg = Release|Any CPU
		{F79FF1A2-A8D0-45C5-A3B8-8382280C948E}.Release|Any CPU.Build.0 = Release|Any CPU
	EndGlobalSection
	GlobalSection(SolutionProperties) = preSolution
		HideSolutionNode = FALSE
	EndGlobalSection
EndGlobal
